# This file is automatically @generated by Cargo.
# It is not intended for manual editing.
version = 4

[[package]]
name = "ktann"
version = "0.1.0"

[[package]]
name = "ktann-foundationdb"
version = "0.1.0"
dependencies = [
 "ktann",
]

[[package]]
name = "ktann-rocksdb"
version = "0.1.0"
dependencies = [
 "ktann",
]
